dependencies:
- name: postgresql
  repository: https://charts.bitnami.com/bitnami
  version: 16.3.4
- name: redis
  repository: https://charts.bitnami.com/bitnami
  version: 20.6.1
digest: sha256:d5883f9a41071819765c0bc780f7c35b46aa50b79eccbdea6a5ca348d8ab651d
generated: "2025-01-01T22:40:06.0677739+02:00"
